<?xml version="1.0" encoding="utf-8"?>
<Project ToolsVersion="4.0" xmlns="http://schemas.microsoft.com/developer/msbuild/2003">
  <ItemGroup>
    <FxCompile Include="PixelShader.hlsl" />
    <FxCompile Include="PixelShader_model.hlsl" />
    <FxCompile Include="PixelShader_model_onlyMesh.hlsl" />
    <FxCompile Include="VertexShader.hlsl" />
    <FxCompile Include="VertexShader_model_animated.hlsl" />
    <FxCompile Include="VertexShader_model_onlyMesh.hlsl" />
  </ItemGroup>
  <ItemGroup>
    <ClCompile Include="Animated.cpp">
      <Filter>Source</Filter>
    </ClCompile>
    <ClCompile Include="Apple.cpp">
      <Filter>Source</Filter>
    </ClCompile>
    <ClCompile Include="AudioHandler.cpp">
      <Filter>Source</Filter>
    </ClCompile>
    <ClCompile Include="Camera.cpp">
      <Filter>Source</Filter>
    </ClCompile>
    <ClCompile Include="Entity.cpp">
      <Filter>Source</Filter>
    </ClCompile>
    <ClCompile Include="ErrorLogger.cpp">
      <Filter>Source</Filter>
    </ClCompile>
    <ClCompile Include="Input.cpp">
      <Filter>Source</Filter>
    </ClCompile>
    <ClCompile Include="IntroState.cpp">
      <Filter>Source</Filter>
    </ClCompile>
    <ClCompile Include="main.cpp">
      <Filter>Source</Filter>
    </ClCompile>
    <ClCompile Include="Material.cpp">
      <Filter>Source</Filter>
    </ClCompile>
    <ClCompile Include="Mesh.cpp">
      <Filter>Source</Filter>
    </ClCompile>
    <ClCompile Include="MeshHandler.cpp">
      <Filter>Source</Filter>
    </ClCompile>
    <ClCompile Include="Model.cpp">
      <Filter>Source</Filter>
    </ClCompile>
    <ClCompile Include="Player.cpp">
      <Filter>Source</Filter>
    </ClCompile>
    <ClCompile Include="PlayState.cpp">
      <Filter>Source</Filter>
    </ClCompile>
    <ClCompile Include="Quad.cpp">
      <Filter>Source</Filter>
    </ClCompile>
    <ClCompile Include="Renderer.cpp">
      <Filter>Source</Filter>
    </ClCompile>
    <ClCompile Include="ShaderSet.cpp">
      <Filter>Source</Filter>
    </ClCompile>
    <ClCompile Include="State.cpp">
      <Filter>Source</Filter>
    </ClCompile>
    <ClCompile Include="StateHandler.cpp">
      <Filter>Source</Filter>
    </ClCompile>
    <ClCompile Include="TextRenderer.cpp">
      <Filter>Source</Filter>
    </ClCompile>
    <ClCompile Include="Timer.cpp">
      <Filter>Source</Filter>
    </ClCompile>
  </ItemGroup>
  <ItemGroup>
    <ClInclude Include="Timer.hpp">
      <Filter>Header</Filter>
    </ClInclude>
    <ClInclude Include="Player.hpp">
      <Filter>Header</Filter>
    </ClInclude>
    <ClInclude Include="PlayState.hpp">
      <Filter>Header</Filter>
    </ClInclude>
    <ClInclude Include="Quad.hpp">
      <Filter>Header</Filter>
    </ClInclude>
    <ClInclude Include="Renderer.hpp">
      <Filter>Header</Filter>
    </ClInclude>
    <ClInclude Include="ShaderSet.h">
      <Filter>Header</Filter>
    </ClInclude>
    <ClInclude Include="State.hpp">
      <Filter>Header</Filter>
    </ClInclude>
    <ClInclude Include="StateHandler.hpp">
      <Filter>Header</Filter>
    </ClInclude>
    <ClInclude Include="TextRenderer.hpp">
      <Filter>Header</Filter>
    </ClInclude>
    <ClInclude Include="Animated.hpp">
      <Filter>Header</Filter>
    </ClInclude>
    <ClInclude Include="Apple.hpp">
      <Filter>Header</Filter>
    </ClInclude>
    <ClInclude Include="AudioHandler.hpp">
      <Filter>Header</Filter>
    </ClInclude>
    <ClInclude Include="Camera.hpp">
      <Filter>Header</Filter>
    </ClInclude>
    <ClInclude Include="Entity.h">
      <Filter>Header</Filter>
    </ClInclude>
    <ClInclude Include="ErrorLogger.hpp">
      <Filter>Header</Filter>
    </ClInclude>
    <ClInclude Include="Input.hpp">
      <Filter>Header</Filter>
    </ClInclude>
    <ClInclude Include="IntroState.hpp">
      <Filter>Header</Filter>
    </ClInclude>
    <ClInclude Include="Material.h">
      <Filter>Header</Filter>
    </ClInclude>
    <ClInclude Include="Mesh.h">
      <Filter>Header</Filter>
    </ClInclude>
    <ClInclude Include="MeshHandler.h">
      <Filter>Header</Filter>
    </ClInclude>
  </ItemGroup>
  <ItemGroup>
    <None Include=".clang-format" />
  </ItemGroup>
  <ItemGroup>
    <Filter Include="Header">
      <UniqueIdentifier>{752c1258-c841-4df7-b914-77ce622653db}</UniqueIdentifier>
    </Filter>
    <Filter Include="Source">
      <UniqueIdentifier>{40813434-57db-4cb5-bc75-6e1a00114583}</UniqueIdentifier>
    </Filter>
  </ItemGroup>
</Project>