<?xml version="1.0" encoding="utf-8"?>
<Project ToolsVersion="4.0" xmlns="http://schemas.microsoft.com/developer/msbuild/2003">
  <ItemGroup>
    <FxCompile Include="PixelShader.hlsl" />
    <FxCompile Include="PixelShader_model.hlsl" />
    <FxCompile Include="PixelShader_model_onlyMesh.hlsl" />
    <FxCompile Include="VertexShader.hlsl" />
    <FxCompile Include="VertexShader_model_animated.hlsl" />
    <FxCompile Include="VertexShader_model_onlyMesh.hlsl" />
  </ItemGroup>
  <ItemGroup>
    <ClCompile Include="Animated.cpp" />
    <ClCompile Include="AudioHandler.cpp" />
    <ClCompile Include="Entity.cpp" />
    <ClCompile Include="Camera.cpp" />
    <ClCompile Include="ErrorLogger.cpp" />
    <ClCompile Include="IntroState.cpp" />
    <ClCompile Include="Input.cpp" />
    <ClCompile Include="main.cpp" />
    <ClCompile Include="Material.cpp" />
    <ClCompile Include="Mesh.cpp" />
    <ClCompile Include="MeshHandler.cpp" />
    <ClCompile Include="Model.cpp" />
    <ClCompile Include="Player.cpp" />
    <ClCompile Include="PlayState.cpp" />
    <ClCompile Include="Quad.cpp" />
    <ClCompile Include="Renderer.cpp" />
    <ClCompile Include="ShaderSet.cpp" />
    <ClCompile Include="State.cpp" />
    <ClCompile Include="StateHandler.cpp" />
    <ClCompile Include="TextRenderer.cpp" />
    <ClCompile Include="Timer.cpp" />
    <ClCompile Include="Apple.cpp" />
  </ItemGroup>
  <ItemGroup>
    <ClInclude Include="Animated.hpp" />
    <ClInclude Include="AudioHandler.hpp" />
    <ClInclude Include="Entity.h" />
    <ClInclude Include="Camera.hpp" />
    <ClInclude Include="ErrorLogger.hpp" />
    <ClInclude Include="Input.hpp" />
    <ClInclude Include="IntroState.hpp" />
    <ClInclude Include="Material.h" />
    <ClInclude Include="Mesh.h" />
    <ClInclude Include="MeshHandler.h" />
    <ClInclude Include="Player.hpp" />
    <ClInclude Include="PlayState.hpp" />
    <ClInclude Include="Quad.hpp" />
    <ClInclude Include="Renderer.hpp" />
    <ClInclude Include="ShaderSet.h" />
    <ClInclude Include="State.hpp" />
    <ClInclude Include="StateHandler.hpp" />
    <ClInclude Include="TextRenderer.hpp" />
    <ClInclude Include="Timer.hpp" />
    <ClInclude Include="Window.hpp" />
    <ClInclude Include="Apple.hpp" />
  </ItemGroup>
  <ItemGroup>
    <None Include=".clang-format" />
  </ItemGroup>
</Project>