<?xml version="1.0" encoding="utf-8"?>
<Project ToolsVersion="4.0" xmlns="http://schemas.microsoft.com/developer/msbuild/2003">
  <ItemGroup>
    <FxCompile Include="Source\Graphics\Shaders\VertexShaderSkyBox.hlsl">
      <Filter>Source\Graphics\Shaders</Filter>
    </FxCompile>
    <FxCompile Include="Source\Graphics\Shaders\PixelShaderSkyBox.hlsl">
      <Filter>Source\Graphics\Shaders</Filter>
    </FxCompile>
    <FxCompile Include="Source\Graphics\Shaders\PixelShader.hlsl">
      <Filter>Source\Graphics\Shaders</Filter>
    </FxCompile>
    <FxCompile Include="Source\Graphics\Shaders\PixelShader_model.hlsl">
      <Filter>Source\Graphics\Shaders</Filter>
    </FxCompile>
    <FxCompile Include="Source\Graphics\Shaders\PixelShader_model_onlyMesh.hlsl">
      <Filter>Source\Graphics\Shaders</Filter>
    </FxCompile>
    <FxCompile Include="Source\Graphics\Shaders\PixelShader_terrain.hlsl">
      <Filter>Source\Graphics\Shaders</Filter>
    </FxCompile>
    <FxCompile Include="Source\Graphics\Shaders\VertexShader.hlsl">
      <Filter>Source\Graphics\Shaders</Filter>
    </FxCompile>
    <FxCompile Include="Source\Graphics\Shaders\VertexShader_model_animated.hlsl">
      <Filter>Source\Graphics\Shaders</Filter>
    </FxCompile>
    <FxCompile Include="Source\Graphics\Shaders\VertexShader_model_onlyMesh.hlsl">
      <Filter>Source\Graphics\Shaders</Filter>
    </FxCompile>
    <FxCompile Include="Source\Graphics\Shaders\VertexShader_seaEffect.hlsl">
      <Filter>Source\Graphics\Shaders</Filter>
    </FxCompile>
    <FxCompile Include="Source\Graphics\Shaders\PixelShader_seaEffect.hlsl">
      <Filter>Source\Graphics\Shaders</Filter>
    </FxCompile>
    <FxCompile Include="Source\Graphics\Shaders\GeometryShader_particleSystem.hlsl">
      <Filter>Source\Graphics\Shaders</Filter>
    </FxCompile>
    <FxCompile Include="Source\Graphics\Shaders\VertexShader_particleSystem.hlsl">
      <Filter>Source\Graphics\Shaders</Filter>
    </FxCompile>
    <FxCompile Include="Source\Graphics\Shaders\VertexShader_quadSimplePass.hlsl">
      <Filter>Source\Graphics\Shaders</Filter>
    </FxCompile>
    <FxCompile Include="Source\Graphics\Shaders\PixelShader_darkEdge.hlsl">
      <Filter>Source\Graphics\Shaders</Filter>
    </FxCompile>
    <FxCompile Include="Source\Graphics\Shaders\PixelShader_terrain_onlyMesh.hlsl">
      <Filter>Source\Graphics\Shaders</Filter>
    </FxCompile>
    <FxCompile Include="Source\Graphics\Shaders\VertexShader_onlyMesh.hlsl">
      <Filter>Source\Graphics\Shaders</Filter>
    </FxCompile>
    <FxCompile Include="Source\Graphics\Shaders\PixelShader_seaEffect_onlyMesh.hlsl">
      <Filter>Source\Graphics\Shaders</Filter>
    </FxCompile>
    <FxCompile Include="Source\Graphics\Shaders\PixelShader_particleSystem_circle.hlsl">
      <Filter>Source\Graphics\Shaders</Filter>
    </FxCompile>
    <FxCompile Include="Source\Graphics\Shaders\PixelShader_particleSystem_star.hlsl">
      <Filter>Source\Graphics\Shaders</Filter>
    </FxCompile>
    <FxCompile Include="Source\Graphics\Shaders\PixelShader_blur.hlsl">
      <Filter>Source\Graphics\Shaders</Filter>
    </FxCompile>
    <FxCompile Include="Source\Graphics\Shaders\PixelShader_textInWorld.hlsl">
      <Filter>Source\Graphics\Shaders</Filter>
    </FxCompile>
  </ItemGroup>
  <ItemGroup>
    <ClCompile Include="Source\Drawable\Mesh\Fruit\Apple.cpp">
      <Filter>Source\Drawable\Mesh\Fruits</Filter>
    </ClCompile>
    <ClCompile Include="Source\Drawable\Mesh\Text\TextRenderer.cpp">
      <Filter>Source\Drawable\Mesh\Text</Filter>
    </ClCompile>
    <ClCompile Include="Source\Drawable\Mesh\SkyBox\SkyBox.cpp">
      <Filter>Source\Drawable\Mesh\SkyBox</Filter>
    </ClCompile>
    <ClCompile Include="Source\Drawable\Mesh\Terrain\Terrain.cpp">
      <Filter>Source\Drawable\Mesh\Terrain</Filter>
    </ClCompile>
    <ClCompile Include="Source\Drawable\Mesh\Material.cpp">
      <Filter>Source\Drawable\Mesh</Filter>
    </ClCompile>
    <ClCompile Include="Source\Drawable\Mesh\Mesh.cpp">
      <Filter>Source\Drawable\Mesh</Filter>
    </ClCompile>
    <ClCompile Include="Source\Drawable\Mesh\MeshHandler.cpp">
      <Filter>Source\Drawable\Mesh</Filter>
    </ClCompile>
    <ClCompile Include="Source\Drawable\Mesh\Quad.cpp">
      <Filter>Source\Drawable\Mesh</Filter>
    </ClCompile>
    <ClCompile Include="Source\Drawable\Animated.cpp">
      <Filter>Source\Drawable</Filter>
    </ClCompile>
    <ClCompile Include="Source\Drawable\Entity.cpp">
      <Filter>Source\Drawable</Filter>
    </ClCompile>
    <ClCompile Include="Source\Graphics\Renderer.cpp">
      <Filter>Source\Graphics</Filter>
    </ClCompile>
    <ClCompile Include="Source\Graphics\ShaderSet.cpp">
      <Filter>Source\Graphics</Filter>
    </ClCompile>
    <ClCompile Include="Source\Player\Player.cpp">
      <Filter>Source\Player</Filter>
    </ClCompile>
    <ClCompile Include="Source\State\States\PlayState.cpp">
      <Filter>Source\State\States</Filter>
    </ClCompile>
    <ClCompile Include="Source\Utility\Audio\AudioHandler.cpp">
      <Filter>Source\Utility\Audio</Filter>
    </ClCompile>
    <ClCompile Include="Source\Utility\Camera\Camera.cpp">
      <Filter>Source\Utility\Camera</Filter>
    </ClCompile>
    <ClCompile Include="Source\Utility\Error\ErrorLogger.cpp">
      <Filter>Source\Utility\Error</Filter>
    </ClCompile>
    <ClCompile Include="Source\Utility\Timer\Timer.cpp">
      <Filter>Source\Utility\Timer</Filter>
    </ClCompile>
    <ClCompile Include="Source\Utility\Input\Input.cpp">
      <Filter>Source\Utility\Input</Filter>
    </ClCompile>
    <ClCompile Include="Source\main.cpp">
      <Filter>Source</Filter>
    </ClCompile>
    <ClCompile Include="Source\AI\AI.cpp">
      <Filter>Source\AI</Filter>
    </ClCompile>
    <ClCompile Include="Source\Drawable\Mesh\Fruit\Banana.cpp">
      <Filter>Source\Drawable\Mesh\Fruits</Filter>
    </ClCompile>
    <ClCompile Include="Source\Drawable\Mesh\Fruit\Fruit.cpp">
      <Filter>Source\Drawable\Mesh\Fruits</Filter>
    </ClCompile>
    <ClCompile Include="Source\Drawable\Mesh\Fruit\Melon.cpp">
      <Filter>Source\Drawable\Mesh\Fruits</Filter>
    </ClCompile>
    <ClCompile Include="Source\Player\Bow.cpp">
      <Filter>Source\Player</Filter>
    </ClCompile>
    <ClCompile Include="Source\Utility\Repositories\MeshRepository.cpp">
      <Filter>Source\Utility\Repositories</Filter>
    </ClCompile>
    <ClCompile Include="Source\Drawable\EntityCollision.cpp">
      <Filter>Source\Drawable</Filter>
    </ClCompile>
    <ClCompile Include="Source\Drawable\EntityRepository.cpp">
      <Filter>Source\Drawable</Filter>
    </ClCompile>
    <ClCompile Include="Source\Utility\VariableSyncer\VariableSyncer.cpp">
      <Filter>Source\Utility\VariableSyncer</Filter>
    </ClCompile>
    <ClCompile Include="Source\Drawable\SeaEffect.cpp">
      <Filter>Source\Drawable</Filter>
    </ClCompile>
    <ClCompile Include="Source\Drawable\HUD.cpp">
      <Filter>Source\Drawable</Filter>
    </ClCompile>
    <ClCompile Include="Source\Graphics\ShadowMapping\ShadowMapping.cpp">
      <Filter>Source\Graphics\ShadowMapping</Filter>
    </ClCompile>
    <ClCompile Include="Source\Drawable\Mesh\Animal.cpp">
      <Filter>Source\Drawable\Mesh</Filter>
    </ClCompile>
    <ClCompile Include="Source\Drawable\ParticleSystem\Particle.cpp">
      <Filter>Source\Drawable\ParticleSystem</Filter>
    </ClCompile>
    <ClCompile Include="Source\Drawable\ParticleSystem\ParticleSystem.cpp">
      <Filter>Source\Drawable\ParticleSystem</Filter>
    </ClCompile>
    <ClCompile Include="Source\State\States\PauseState.cpp">
      <Filter>Source\State\States</Filter>
    </ClCompile>
    <ClCompile Include="Source\Utility\Input\Button.cpp">
      <Filter>Source\Utility\Input</Filter>
    </ClCompile>
    <ClCompile Include="Source\AI\PathFindingThread.cpp">
      <Filter>Source\AI</Filter>
    </ClCompile>
    <ClCompile Include="Source\State\States\EndRoundState.cpp">
      <Filter>Source\State\States</Filter>
    </ClCompile>
    <ClCompile Include="Source\State\States\SettingsState.cpp">
      <Filter>Source\State\States</Filter>
    </ClCompile>
    <ClCompile Include="Source\State\States\LevelSelectState.cpp">
      <Filter>Source\State\States</Filter>
    </ClCompile>
    <ClCompile Include="Source\Utility\Settings\Settings.cpp">
      <Filter>Source\Utility\Settings</Filter>
    </ClCompile>
    <ClCompile Include="Source\Utility\Input\Slider.cpp">
      <Filter>Source\Utility\Input</Filter>
    </ClCompile>
    <ClCompile Include="Source\Utility\SaveState\SaveManager.cpp">
      <Filter>Source\Utility\SaveState</Filter>
    </ClCompile>
    <ClCompile Include="Source\Drawable\Sprite2D.cpp">
      <Filter>Source\Drawable</Filter>
    </ClCompile>
    <ClCompile Include="Source\Drawable\Mesh\Fruit\Dragonfruit.cpp">
      <Filter>Source\Drawable\Mesh\Fruits</Filter>
    </ClCompile>
    <ClCompile Include="Source\Utility\Development\TerrainBatch.cpp">
      <Filter>Source\Utility\Development</Filter>
    </ClCompile>
    <ClCompile Include="Source\Utility\Development\Scene.cpp">
      <Filter>Source\Utility\Development</Filter>
    </ClCompile>
    <ClCompile Include="Source\Utility\Development\SceneManager.cpp">
      <Filter>Source\Utility\Development</Filter>
    </ClCompile>
    <ClCompile Include="Source\Player\Arrow.cpp">
      <Filter>Source\Player</Filter>
    </ClCompile>
    <ClCompile Include="Source\Drawable\Transformation.cpp">
      <Filter>Source\Drawable</Filter>
    </ClCompile>
    <ClCompile Include="Source\Utility\Development\SceneEditorManager.cpp">
      <Filter>Source\Utility\Development</Filter>
    </ClCompile>
    <ClCompile Include="Source\Utility\Camera\RPYCamera.cpp">
      <Filter>Source\Utility\Camera</Filter>
    </ClCompile>
    <ClCompile Include="Source\State\States\EditorState.cpp">
      <Filter>Source\State\States</Filter>
    </ClCompile>
    <ClCompile Include="Source\ImGui\imgui.cpp">
      <Filter>Source\ImGui</Filter>
    </ClCompile>
    <ClCompile Include="Source\ImGui\imgui_draw.cpp">
      <Filter>Source\ImGui</Filter>
    </ClCompile>
    <ClCompile Include="Source\ImGui\imgui_impl_dx11.cpp">
      <Filter>Source\ImGui</Filter>
    </ClCompile>
    <ClCompile Include="Source\ImGui\imgui_impl_win32.cpp">
      <Filter>Source\ImGui</Filter>
    </ClCompile>
    <ClCompile Include="Source\ImGui\imgui_widgets.cpp">
      <Filter>Source\ImGui</Filter>
    </ClCompile>
    <ClCompile Include="Source\Utility\Repositories\TextureRepository.cpp">
      <Filter>Source\Utility\Repositories</Filter>
    </ClCompile>
    <ClCompile Include="Source\Utility\Fragment.cpp">
      <Filter>Source\Utility</Filter>
    </ClCompile>
    <ClCompile Include="Source\State\StateStack.cpp">
      <Filter>Source\State</Filter>
    </ClCompile>
    <ClCompile Include="Source\State\StateItem.cpp">
      <Filter>Source\State</Filter>
    </ClCompile>
    <ClCompile Include="Source\State\States\MainState.cpp">
      <Filter>Source\State\States</Filter>
    </ClCompile>
    <ClCompile Include="Source\Drawable\CollectionPoint.cpp">
      <Filter>Source\Drawable</Filter>
    </ClCompile>
    <ClCompile Include="Source\Utility\Translation2DStructures.cpp">
      <Filter>Source\Utility</Filter>
    </ClCompile>
    <ClCompile Include="Source\ImGui\implot.cpp">
      <Filter>Source\ImGui</Filter>
    </ClCompile>
    <ClCompile Include="Source\ImGui\implot_items.cpp">
      <Filter>Source\ImGui</Filter>
    </ClCompile>
    <ClCompile Include="Source\Utility\MetricCollector.cpp">
      <Filter>Source\Utility</Filter>
    </ClCompile>
  </ItemGroup>
  <ItemGroup>
    <ClInclude Include="Source\Drawable\Mesh\Fruit\Apple.h">
      <Filter>Source\Drawable\Mesh\Fruits</Filter>
    </ClInclude>
    <ClInclude Include="Source\Drawable\Mesh\Text\TextRenderer.h">
      <Filter>Source\Drawable\Mesh\Text</Filter>
    </ClInclude>
    <ClInclude Include="Source\Drawable\Mesh\SkyBox\SkyBox.h">
      <Filter>Source\Drawable\Mesh\SkyBox</Filter>
    </ClInclude>
    <ClInclude Include="Source\Drawable\Mesh\Terrain\Terrain.h">
      <Filter>Source\Drawable\Mesh\Terrain</Filter>
    </ClInclude>
    <ClInclude Include="Source\Drawable\Mesh\Material.h">
      <Filter>Source\Drawable\Mesh</Filter>
    </ClInclude>
    <ClInclude Include="Source\Drawable\Mesh\Mesh.h">
      <Filter>Source\Drawable\Mesh</Filter>
    </ClInclude>
    <ClInclude Include="Source\Drawable\Mesh\MeshHandler.h">
      <Filter>Source\Drawable\Mesh</Filter>
    </ClInclude>
    <ClInclude Include="Source\Drawable\Mesh\Quad.h">
      <Filter>Source\Drawable\Mesh</Filter>
    </ClInclude>
    <ClInclude Include="Source\Drawable\Animated.h">
      <Filter>Source\Drawable</Filter>
    </ClInclude>
    <ClInclude Include="Source\Drawable\Entity.h">
      <Filter>Source\Drawable</Filter>
    </ClInclude>
    <ClInclude Include="Source\Graphics\Renderer.h">
      <Filter>Source\Graphics</Filter>
    </ClInclude>
    <ClInclude Include="Source\Graphics\ShaderSet.h">
      <Filter>Source\Graphics</Filter>
    </ClInclude>
    <ClInclude Include="Source\Header\GlobalNamespaces.h">
      <Filter>Source\Header</Filter>
    </ClInclude>
    <ClInclude Include="Source\Header\WICTextureLoader.h">
      <Filter>Source\Header</Filter>
    </ClInclude>
    <ClInclude Include="Source\Player\Player.h">
      <Filter>Source\Player</Filter>
    </ClInclude>
    <ClInclude Include="Source\State\States\PlayState.h">
      <Filter>Source\State\States</Filter>
    </ClInclude>
    <ClInclude Include="Source\Utility\Audio\AudioHandler.h">
      <Filter>Source\Utility\Audio</Filter>
    </ClInclude>
    <ClInclude Include="Source\Utility\Camera\Camera.h">
      <Filter>Source\Utility\Camera</Filter>
    </ClInclude>
    <ClInclude Include="Source\Utility\Error\ErrorLogger.h">
      <Filter>Source\Utility\Error</Filter>
    </ClInclude>
    <ClInclude Include="Source\Utility\Timer\Timer.h">
      <Filter>Source\Utility\Timer</Filter>
    </ClInclude>
    <ClInclude Include="Source\Utility\Input\Input.h">
      <Filter>Source\Utility\Input</Filter>
    </ClInclude>
    <ClInclude Include="Source\AI\AI.h">
      <Filter>Source\AI</Filter>
    </ClInclude>
    <ClInclude Include="Source\Drawable\Mesh\Fruit\Banana.h">
      <Filter>Source\Drawable\Mesh\Fruits</Filter>
    </ClInclude>
    <ClInclude Include="Source\Drawable\Mesh\Fruit\Fruit.h">
      <Filter>Source\Drawable\Mesh\Fruits</Filter>
    </ClInclude>
    <ClInclude Include="Source\Drawable\Mesh\Fruit\Melon.h">
      <Filter>Source\Drawable\Mesh\Fruits</Filter>
    </ClInclude>
    <ClInclude Include="Source\Player\Bow.h">
      <Filter>Source\Player</Filter>
    </ClInclude>
    <ClInclude Include="Source\Utility\Repositories\MeshRepository.h">
      <Filter>Source\Utility\Repositories</Filter>
    </ClInclude>
    <ClInclude Include="Source\Drawable\EntityCollision.h">
      <Filter>Source\Drawable</Filter>
    </ClInclude>
    <ClInclude Include="Source\Drawable\EntityRepository.h">
      <Filter>Source\Drawable</Filter>
    </ClInclude>
    <ClInclude Include="Source\Utility\VariableSyncer\VariableSyncer.h">
      <Filter>Source\Utility\VariableSyncer</Filter>
    </ClInclude>
    <ClInclude Include="Source\Drawable\SeaEffect.h">
      <Filter>Source\Drawable</Filter>
    </ClInclude>
    <ClInclude Include="Source\Drawable\HUD.h">
      <Filter>Source\Drawable</Filter>
    </ClInclude>
    <ClInclude Include="Source\Drawable\ParticleSystem\Particle.h">
      <Filter>Source\Drawable\ParticleSystem</Filter>
    </ClInclude>
    <ClInclude Include="Source\Drawable\ParticleSystem\ParticleSystem.h">
      <Filter>Source\Drawable\ParticleSystem</Filter>
    </ClInclude>
    <ClInclude Include="Source\Graphics\ShadowMapping\ShadowMapping.h">
      <Filter>Source\Graphics\ShadowMapping</Filter>
    </ClInclude>
    <ClInclude Include="Source\Utility\QuadTree.h">
      <Filter>Source\Utility</Filter>
    </ClInclude>
    <ClInclude Include="Source\Drawable\Mesh\Animal.h">
      <Filter>Source\Drawable\Mesh</Filter>
    </ClInclude>
    <ClInclude Include="Source\AI\PathFindingThread.h">
      <Filter>Source\AI</Filter>
    </ClInclude>
    <ClInclude Include="Source\State\States\PauseState.h">
      <Filter>Source\State\States</Filter>
    </ClInclude>
    <ClInclude Include="Source\Utility\Input\Button.h">
      <Filter>Source\Utility\Input</Filter>
    </ClInclude>
    <ClInclude Include="Source\State\States\EndRoundState.h">
      <Filter>Source\State\States</Filter>
    </ClInclude>
    <ClInclude Include="Source\State\States\SettingsState.h">
      <Filter>Source\State\States</Filter>
    </ClInclude>
    <ClInclude Include="Source\State\States\LevelSelectState.h">
      <Filter>Source\State\States</Filter>
    </ClInclude>
    <ClInclude Include="Source\Utility\Settings\Settings.h">
      <Filter>Source\Utility\Settings</Filter>
    </ClInclude>
    <ClInclude Include="Source\Utility\Input\Slider.h">
      <Filter>Source\Utility\Input</Filter>
    </ClInclude>
    <ClInclude Include="Source\Utility\SaveState\SaveManager.h">
      <Filter>Source\Utility\SaveState</Filter>
    </ClInclude>
    <ClInclude Include="Source\Drawable\Sprite2D.h">
      <Filter>Source\Drawable</Filter>
    </ClInclude>
    <ClInclude Include="Source\Drawable\Mesh\Fruit\Dragonfruit.h">
      <Filter>Source\Drawable\Mesh\Fruits</Filter>
    </ClInclude>
    <ClInclude Include="Source\Utility\Development\SceneManager.h">
      <Filter>Source\Utility\Development</Filter>
    </ClInclude>
    <ClInclude Include="Source\Utility\Development\TerrainBatch.h">
      <Filter>Source\Utility\Development</Filter>
    </ClInclude>
    <ClInclude Include="Source\Utility\Development\Scene.h">
      <Filter>Source\Utility\Development</Filter>
    </ClInclude>
    <ClInclude Include="Source\Player\Arrow.h">
      <Filter>Source\Player</Filter>
    </ClInclude>
    <ClInclude Include="Source\Drawable\Transformation.h">
      <Filter>Source\Drawable</Filter>
    </ClInclude>
    <ClInclude Include="Source\Utility\Development\SceneEditorManager.h">
      <Filter>Source\Utility\Development</Filter>
    </ClInclude>
    <ClInclude Include="Source\Utility\Camera\RPYCamera.h">
      <Filter>Source\Utility\Camera</Filter>
    </ClInclude>
    <ClInclude Include="Source\State\States\EditorState.h">
      <Filter>Source\State\States</Filter>
    </ClInclude>
    <ClInclude Include="Source\ImGui\imconfig.h">
      <Filter>Source\ImGui</Filter>
    </ClInclude>
    <ClInclude Include="Source\ImGui\imgui.h">
      <Filter>Source\ImGui</Filter>
    </ClInclude>
    <ClInclude Include="Source\ImGui\imgui_impl_dx11.h">
      <Filter>Source\ImGui</Filter>
    </ClInclude>
    <ClInclude Include="Source\ImGui\imgui_impl_win32.h">
      <Filter>Source\ImGui</Filter>
    </ClInclude>
    <ClInclude Include="Source\ImGui\imgui_internal.h">
      <Filter>Source\ImGui</Filter>
    </ClInclude>
    <ClInclude Include="Source\ImGui\imstb_rectpack.h">
      <Filter>Source\ImGui</Filter>
    </ClInclude>
    <ClInclude Include="Source\ImGui\imstb_textedit.h">
      <Filter>Source\ImGui</Filter>
    </ClInclude>
    <ClInclude Include="Source\ImGui\imstb_truetype.h">
      <Filter>Source\ImGui</Filter>
    </ClInclude>
    <ClInclude Include="Source\Utility\Repositories\TextureRepository.h">
      <Filter>Source\Utility\Repositories</Filter>
    </ClInclude>
    <ClInclude Include="Source\Utility\filesystemHelper.h">
      <Filter>Source\Utility</Filter>
    </ClInclude>
    <ClInclude Include="Source\Utility\Fragment.h">
      <Filter>Source\Utility</Filter>
    </ClInclude>
    <ClInclude Include="Source\State\StateStack.h">
      <Filter>Source\State</Filter>
    </ClInclude>
    <ClInclude Include="Source\State\StateItem.h">
      <Filter>Source\State</Filter>
    </ClInclude>
    <ClInclude Include="Source\State\States.h">
      <Filter>Source\State</Filter>
    </ClInclude>
    <ClInclude Include="Source\State\States\MainState.h">
      <Filter>Source\State\States</Filter>
    </ClInclude>
    <ClInclude Include="Source\Drawable\CollectionPoint.h">
      <Filter>Source\Drawable</Filter>
    </ClInclude>
    <ClInclude Include="Source\Utility\Translation2DStructures.h">
      <Filter>Source\Utility</Filter>
    </ClInclude>
    <ClInclude Include="Source\ImGui\implot.h">
      <Filter>Source\ImGui</Filter>
    </ClInclude>
    <ClInclude Include="Source\ImGui\implot_internal.h">
      <Filter>Source\ImGui</Filter>
    </ClInclude>
    <ClInclude Include="Source\Utility\MetricCollector.h">
      <Filter>Source\Utility</Filter>
    </ClInclude>
  </ItemGroup>
  <ItemGroup>
    <None Include=".clang-format" />
    <None Include="packages.config" />
  </ItemGroup>
  <ItemGroup>
    <Filter Include="Source">
      <UniqueIdentifier>{40813434-57db-4cb5-bc75-6e1a00114583}</UniqueIdentifier>
    </Filter>
    <Filter Include="Source\Utility">
      <UniqueIdentifier>{ba73de93-d003-4fe9-ac19-ddc267d6355e}</UniqueIdentifier>
    </Filter>
    <Filter Include="Source\Utility\Audio">
      <UniqueIdentifier>{3aaade13-3f3f-4610-854e-0856226d3ae9}</UniqueIdentifier>
    </Filter>
    <Filter Include="Source\Utility\Timer">
      <UniqueIdentifier>{2a526ec5-c72c-470d-b6b2-da34ebe985b7}</UniqueIdentifier>
    </Filter>
    <Filter Include="Source\Utility\Camera">
      <UniqueIdentifier>{4a8256f9-5e51-4c30-988c-578036d171ce}</UniqueIdentifier>
    </Filter>
    <Filter Include="Source\Utility\Error">
      <UniqueIdentifier>{89f98f25-8619-407b-b9cd-da3cab92a686}</UniqueIdentifier>
    </Filter>
    <Filter Include="Source\State">
      <UniqueIdentifier>{493f2452-edcd-40e9-9a8b-b82a0cb7cf76}</UniqueIdentifier>
    </Filter>
    <Filter Include="Source\State\States">
      <UniqueIdentifier>{6e337d56-e108-45b9-8324-ff3b7ef1b4a3}</UniqueIdentifier>
    </Filter>
    <Filter Include="Source\Player">
      <UniqueIdentifier>{f0c53ee6-4551-49e6-89f0-4c33629e8529}</UniqueIdentifier>
    </Filter>
    <Filter Include="Source\Header">
      <UniqueIdentifier>{752c1258-c841-4df7-b914-77ce622653db}</UniqueIdentifier>
    </Filter>
    <Filter Include="Source\Drawable">
      <UniqueIdentifier>{9437ce96-866e-427f-b60d-0051dee761ae}</UniqueIdentifier>
    </Filter>
    <Filter Include="Source\Drawable\Mesh">
      <UniqueIdentifier>{6308e635-20aa-49e7-9a4a-454a7316c599}</UniqueIdentifier>
    </Filter>
    <Filter Include="Source\Drawable\Mesh\Fruits">
      <UniqueIdentifier>{260dfe4a-873c-4f83-a463-a05cc96a1379}</UniqueIdentifier>
    </Filter>
    <Filter Include="Source\Drawable\Mesh\Terrain">
      <UniqueIdentifier>{3f5ab89a-493f-4a9c-a832-0a7707af598a}</UniqueIdentifier>
    </Filter>
    <Filter Include="Source\Graphics">
      <UniqueIdentifier>{50d76148-3e92-4488-b5e6-cdd0d7615979}</UniqueIdentifier>
    </Filter>
    <Filter Include="Source\Graphics\Shaders">
      <UniqueIdentifier>{84835b5e-c2f3-4786-9e5d-88c5c221a5c8}</UniqueIdentifier>
    </Filter>
    <Filter Include="Source\Drawable\Mesh\SkyBox">
      <UniqueIdentifier>{e5a64864-2aa0-4ca8-b3c3-3d67c2988969}</UniqueIdentifier>
    </Filter>
    <Filter Include="Source\Drawable\Mesh\Text">
      <UniqueIdentifier>{3f21d543-aeec-4695-8963-33d4a09f668c}</UniqueIdentifier>
    </Filter>
    <Filter Include="Source\Utility\Input">
      <UniqueIdentifier>{d7b43882-2a51-43c3-9a41-7e91061d5fb9}</UniqueIdentifier>
    </Filter>
    <Filter Include="Source\AI">
      <UniqueIdentifier>{aa548265-5486-466e-81d7-9719a546e282}</UniqueIdentifier>
    </Filter>
    <Filter Include="Source\Utility\Repositories">
      <UniqueIdentifier>{0351c8e4-cfeb-4492-97c6-2514408dac40}</UniqueIdentifier>
    </Filter>
    <Filter Include="Source\Utility\VariableSyncer">
      <UniqueIdentifier>{174b364d-8cc6-418f-b867-558c9903128a}</UniqueIdentifier>
    </Filter>
    <Filter Include="Source\Drawable\ParticleSystem">
      <UniqueIdentifier>{d8ae5d2b-ea97-4ec4-b28b-6e314535910e}</UniqueIdentifier>
    </Filter>
    <Filter Include="Source\Graphics\ShadowMapping">
      <UniqueIdentifier>{d6645390-c2fd-4363-96bb-d57d2ac12609}</UniqueIdentifier>
    </Filter>
    <Filter Include="Source\Utility\PerformanceTimer">
      <UniqueIdentifier>{6c926695-a49b-42d0-b46f-5b51b343cf44}</UniqueIdentifier>
    </Filter>
    <Filter Include="Source\Utility\Settings">
      <UniqueIdentifier>{62af29f3-59ec-4d36-8476-2bd16a3afb21}</UniqueIdentifier>
    </Filter>
    <Filter Include="Source\Utility\SaveState">
      <UniqueIdentifier>{756d5736-eeb1-4a7c-9e60-653aa6c01875}</UniqueIdentifier>
    </Filter>
    <Filter Include="Source\Utility\Development">
      <UniqueIdentifier>{8b97bf14-e76a-421e-a480-f354f243aadc}</UniqueIdentifier>
    </Filter>
    <Filter Include="Source\ImGui">
      <UniqueIdentifier>{dd1d5fba-781e-46f3-8b69-664930394ff9}</UniqueIdentifier>
    </Filter>
  </ItemGroup>
</Project>